
Microsoft Visual Studio Solution File, Format Version 12.00
# Visual Studio 2013
VisualStudioVersion = 12.0.21005.1
MinimumVisualStudioVersion = 10.0.40219.1
Project("{8BC9CEB8-8B4A-11D0-8D11-00A0C91BC942}") = "SepSet", "SepSet\SepSet.vcxproj", "{4576FF83-A73D-4FC6-AD6B-71CF94287B06}"
EndProject
Project("{8BC9CEB8-8B4A-11D0-8D11-00A0C91BC942}") = "gtest", "gtest\gtest.vcxproj", "{BA10926D-0BC6-4D18-90DE-CC8D00E36EA3}"
EndProject
Project("{8BC9CEB8-8B4A-11D0-8D11-00A0C91BC942}") = "Exp", "Exp\Exp.vcxproj", "{6BF94A1B-C3E5-43AF-9898-E75EE68F2239}"
	ProjectSection(ProjectDependencies) = postProject
		{4576FF83-A73D-4FC6-AD6B-71CF94287B06} = {4576FF83-A73D-4FC6-AD6B-71CF94287B06}
	EndProjectSection
EndProject
Project("{8BC9CEB8-8B4A-11D0-8D11-00A0C91BC942}") = "Tests", "Tests\Tests.vcxproj", "{657AEDCC-CDCD-4386-8E34-0AFC388538C9}"
	ProjectSection(ProjectDependencies) = postProject
		{BA10926D-0BC6-4D18-90DE-CC8D00E36EA3} = {BA10926D-0BC6-4D18-90DE-CC8D00E36EA3}
		{4576FF83-A73D-4FC6-AD6B-71CF94287B06} = {4576FF83-A73D-4FC6-AD6B-71CF94287B06}
	EndProjectSection
EndProject
Global
	GlobalSection(SolutionConfigurationPlatforms) = preSolution
		Debug|Win32 = Debug|Win32
		Release|Win32 = Release|Win32
	EndGlobalSection
	GlobalSection(ProjectConfigurationPlatforms) = postSolution
		{4576FF83-A73D-4FC6-AD6B-71CF94287B06}.Debug|Win32.ActiveCfg = Debug|Win32
		{4576FF83-A73D-4FC6-AD6B-71CF94287B06}.Debug|Win32.Build.0 = Debug|Win32
		{4576FF83-A73D-4FC6-AD6B-71CF94287B06}.Release|Win32.ActiveCfg = Release|Win32
		{4576FF83-A73D-4FC6-AD6B-71CF94287B06}.Release|Win32.Build.0 = Release|Win32
		{BA10926D-0BC6-4D18-90DE-CC8D00E36EA3}.Debug|Win32.ActiveCfg = Debug|Win32
		{BA10926D-0BC6-4D18-90DE-CC8D00E36EA3}.Debug|Win32.Build.0 = Debug|Win32
		{BA10926D-0BC6-4D18-90DE-CC8D00E36EA3}.Release|Win32.ActiveCfg = Release|Win32
		{BA10926D-0BC6-4D18-90DE-CC8D00E36EA3}.Release|Win32.Build.0 = Release|Win32
		{6BF94A1B-C3E5-43AF-9898-E75EE68F2239}.Debug|Win32.ActiveCfg = Debug|Win32
		{6BF94A1B-C3E5-43AF-9898-E75EE68F2239}.Debug|Win32.Build.0 = Debug|Win32
		{6BF94A1B-C3E5-43AF-9898-E75EE68F2239}.Release|Win32.ActiveCfg = Release|Win32
		{6BF94A1B-C3E5-43AF-9898-E75EE68F2239}.Release|Win32.Build.0 = Release|Win32
		{657AEDCC-CDCD-4386-8E34-0AFC388538C9}.Debug|Win32.ActiveCfg = Debug|Win32
		{657AEDCC-CDCD-4386-8E34-0AFC388538C9}.Debug|Win32.Build.0 = Debug|Win32
		{657AEDCC-CDCD-4386-8E34-0AFC388538C9}.Release|Win32.ActiveCfg = Release|Win32
		{657AEDCC-CDCD-4386-8E34-0AFC388538C9}.Release|Win32.Build.0 = Release|Win32
	EndGlobalSection
	GlobalSection(SolutionProperties) = preSolution
		HideSolutionNode = FALSE
	EndGlobalSection
EndGlobal
